// !$*UTF8*$!
{
	archiveVersion = 1;
	classes = {
	};
	objectVersion = 56;
	objects = {

/* Begin PBXBuildFile section */
		83A81D482AAF0D1000EBA4F7 /* AppDelegate.swift in Sources */ = {isa = PBXBuildFile; fileRef = 83A81D472AAF0D1000EBA4F7 /* AppDelegate.swift */; };
		83A81D4A2AAF0D1000EBA4F7 /* SceneDelegate.swift in Sources */ = {isa = PBXBuildFile; fileRef = 83A81D492AAF0D1000EBA4F7 /* SceneDelegate.swift */; };
		83A81D4F2AAF0D1000EBA4F7 /* Main.storyboard in Resources */ = {isa = PBXBuildFile; fileRef = 83A81D4D2AAF0D1000EBA4F7 /* Main.storyboard */; };
		83A81D512AAF0D1300EBA4F7 /* Assets.xcassets in Resources */ = {isa = PBXBuildFile; fileRef = 83A81D502AAF0D1300EBA4F7 /* Assets.xcassets */; };
		83A81D542AAF0D1300EBA4F7 /* LaunchScreen.storyboard in Resources */ = {isa = PBXBuildFile; fileRef = 83A81D522AAF0D1300EBA4F7 /* LaunchScreen.storyboard */; };
		83A81D5F2AAF0D1300EBA4F7 /* CandyBustTests.swift in Sources */ = {isa = PBXBuildFile; fileRef = 83A81D5E2AAF0D1300EBA4F7 /* CandyBustTests.swift */; };
		83A81D692AAF0D1300EBA4F7 /* CandyBustUITests.swift in Sources */ = {isa = PBXBuildFile; fileRef = 83A81D682AAF0D1300EBA4F7 /* CandyBustUITests.swift */; };
		83A81D6B2AAF0D1300EBA4F7 /* CandyBustUITestsLaunchTests.swift in Sources */ = {isa = PBXBuildFile; fileRef = 83A81D6A2AAF0D1300EBA4F7 /* CandyBustUITestsLaunchTests.swift */; };
		83A81D782AAF0DD700EBA4F7 /* FirstViewController.swift in Sources */ = {isa = PBXBuildFile; fileRef = 83A81D772AAF0DD700EBA4F7 /* FirstViewController.swift */; };
		83A81D7C2AAF0EDC00EBA4F7 /* TableViewCell.swift in Sources */ = {isa = PBXBuildFile; fileRef = 83A81D7B2AAF0EDC00EBA4F7 /* TableViewCell.swift */; };
		83A81DBE2AAF12BA00EBA4F7 /* HomeViewController.swift in Sources */ = {isa = PBXBuildFile; fileRef = 83A81DBD2AAF12BA00EBA4F7 /* HomeViewController.swift */; };
		83A81DC02AAF13A000EBA4F7 /* HomeCollectionViewCell.swift in Sources */ = {isa = PBXBuildFile; fileRef = 83A81DBF2AAF13A000EBA4F7 /* HomeCollectionViewCell.swift */; };
		83A81DC42AAF148600EBA4F7 /* PlayViewController.swift in Sources */ = {isa = PBXBuildFile; fileRef = 83A81DC32AAF148600EBA4F7 /* PlayViewController.swift */; };
		83A81DC62AAF168F00EBA4F7 /* NextViewController.swift in Sources */ = {isa = PBXBuildFile; fileRef = 83A81DC52AAF168F00EBA4F7 /* NextViewController.swift */; };
		83A81DC82AAF17DC00EBA4F7 /* ConfirmViewController.swift in Sources */ = {isa = PBXBuildFile; fileRef = 83A81DC72AAF17DC00EBA4F7 /* ConfirmViewController.swift */; };
/* End PBXBuildFile section */

/* Begin PBXContainerItemProxy section */
		83A81D5B2AAF0D1300EBA4F7 /* PBXContainerItemProxy */ = {
			isa = PBXContainerItemProxy;
			containerPortal = 83A81D3C2AAF0D1000EBA4F7 /* Project object */;
			proxyType = 1;
			remoteGlobalIDString = 83A81D432AAF0D1000EBA4F7;
			remoteInfo = CandyBust;
		};
		83A81D652AAF0D1300EBA4F7 /* PBXContainerItemProxy */ = {
			isa = PBXContainerItemProxy;
			containerPortal = 83A81D3C2AAF0D1000EBA4F7 /* Project object */;
			proxyType = 1;
			remoteGlobalIDString = 83A81D432AAF0D1000EBA4F7;
			remoteInfo = CandyBust;
		};
/* End PBXContainerItemProxy section */

/* Begin PBXFileReference section */
		83A81D442AAF0D1000EBA4F7 /* CandyBust.app */ = {isa = PBXFileReference; explicitFileType = wrapper.application; includeInIndex = 0; path = CandyBust.app; sourceTree = BUILT_PRODUCTS_DIR; };
		83A81D472AAF0D1000EBA4F7 /* AppDelegate.swift */ = {isa = PBXFileReference; lastKnownFileType = sourcecode.swift; path = AppDelegate.swift; sourceTree = "<group>"; };
		83A81D492AAF0D1000EBA4F7 /* SceneDelegate.swift */ = {isa = PBXFileReference; lastKnownFileType = sourcecode.swift; path = SceneDelegate.swift; sourceTree = "<group>"; };
		83A81D4E2AAF0D1000EBA4F7 /* Base */ = {isa = PBXFileReference; lastKnownFileType = file.storyboard; name = Base; path = Base.lproj/Main.storyboard; sourceTree = "<group>"; };
		83A81D502AAF0D1300EBA4F7 /* Assets.xcassets */ = {isa = PBXFileReference; lastKnownFileType = folder.assetcatalog; path = Assets.xcassets; sourceTree = "<group>"; };
		83A81D532AAF0D1300EBA4F7 /* Base */ = {isa = PBXFileReference; lastKnownFileType = file.storyboard; name = Base; path = Base.lproj/LaunchScreen.storyboard; sourceTree = "<group>"; };
		83A81D552AAF0D1300EBA4F7 /* Info.plist */ = {isa = PBXFileReference; lastKnownFileType = text.plist.xml; path = Info.plist; sourceTree = "<group>"; };
		83A81D5A2AAF0D1300EBA4F7 /* CandyBustTests.xctest */ = {isa = PBXFileReference; explicitFileType = wrapper.cfbundle; includeInIndex = 0; path = CandyBustTests.xctest; sourceTree = BUILT_PRODUCTS_DIR; };
		83A81D5E2AAF0D1300EBA4F7 /* CandyBustTests.swift */ = {isa = PBXFileReference; lastKnownFileType = sourcecode.swift; path = CandyBustTests.swift; sourceTree = "<group>"; };
		83A81D642AAF0D1300EBA4F7 /* CandyBustUITests.xctest */ = {isa = PBXFileReference; explicitFileType = wrapper.cfbundle; includeInIndex = 0; path = CandyBustUITests.xctest; sourceTree = BUILT_PRODUCTS_DIR; };
		83A81D682AAF0D1300EBA4F7 /* CandyBustUITests.swift */ = {isa = PBXFileReference; lastKnownFileType = sourcecode.swift; path = CandyBustUITests.swift; sourceTree = "<group>"; };
		83A81D6A2AAF0D1300EBA4F7 /* CandyBustUITestsLaunchTests.swift */ = {isa = PBXFileReference; lastKnownFileType = sourcecode.swift; path = CandyBustUITestsLaunchTests.swift; sourceTree = "<group>"; };
		83A81D772AAF0DD700EBA4F7 /* FirstViewController.swift */ = {isa = PBXFileReference; lastKnownFileType = sourcecode.swift; path = FirstViewController.swift; sourceTree = "<group>"; };
		83A81D7B2AAF0EDC00EBA4F7 /* TableViewCell.swift */ = {isa = PBXFileReference; lastKnownFileType = sourcecode.swift; path = TableViewCell.swift; sourceTree = "<group>"; };
		83A81DBD2AAF12BA00EBA4F7 /* HomeViewController.swift */ = {isa = PBXFileReference; lastKnownFileType = sourcecode.swift; path = HomeViewController.swift; sourceTree = "<group>"; };
		83A81DBF2AAF13A000EBA4F7 /* HomeCollectionViewCell.swift */ = {isa = PBXFileReference; lastKnownFileType = sourcecode.swift; path = HomeCollectionViewCell.swift; sourceTree = "<group>"; };
		83A81DC32AAF148600EBA4F7 /* PlayViewController.swift */ = {isa = PBXFileReference; lastKnownFileType = sourcecode.swift; path = PlayViewController.swift; sourceTree = "<group>"; };
		83A81DC52AAF168F00EBA4F7 /* NextViewController.swift */ = {isa = PBXFileReference; lastKnownFileType = sourcecode.swift; path = NextViewController.swift; sourceTree = "<group>"; };
		83A81DC72AAF17DC00EBA4F7 /* ConfirmViewController.swift */ = {isa = PBXFileReference; lastKnownFileType = sourcecode.swift; path = ConfirmViewController.swift; sourceTree = "<group>"; };
/* End PBXFileReference section */

/* Begin PBXFrameworksBuildPhase section */
		83A81D412AAF0D1000EBA4F7 /* Frameworks */ = {
			isa = PBXFrameworksBuildPhase;
			buildActionMask = 2147483647;
			files = (
			);
			runOnlyForDeploymentPostprocessing = 0;
		};
		83A81D572AAF0D1300EBA4F7 /* Frameworks */ = {
			isa = PBXFrameworksBuildPhase;
			buildActionMask = 2147483647;
			files = (
			);
			runOnlyForDeploymentPostprocessing = 0;
		};
		83A81D612AAF0D1300EBA4F7 /* Frameworks */ = {
			isa = PBXFrameworksBuildPhase;
			buildActionMask = 2147483647;
			files = (
			);
			runOnlyForDeploymentPostprocessing = 0;
		};
/* End PBXFrameworksBuildPhase section */

/* Begin PBXGroup section */
		83A81D3B2AAF0D1000EBA4F7 = {
			isa = PBXGroup;
			children = (
				83A81D462AAF0D1000EBA4F7 /* CandyBust */,
				83A81D5D2AAF0D1300EBA4F7 /* CandyBustTests */,
				83A81D672AAF0D1300EBA4F7 /* CandyBustUITests */,
				83A81D452AAF0D1000EBA4F7 /* Products */,
			);
			sourceTree = "<group>";
		};
		83A81D452AAF0D1000EBA4F7 /* Products */ = {
			isa = PBXGroup;
			children = (
				83A81D442AAF0D1000EBA4F7 /* CandyBust.app */,
				83A81D5A2AAF0D1300EBA4F7 /* CandyBustTests.xctest */,
				83A81D642AAF0D1300EBA4F7 /* CandyBustUITests.xctest */,
			);
			name = Products;
			sourceTree = "<group>";
		};
		83A81D462AAF0D1000EBA4F7 /* CandyBust */ = {
			isa = PBXGroup;
			children = (
				83A81D472AAF0D1000EBA4F7 /* AppDelegate.swift */,
				83A81D492AAF0D1000EBA4F7 /* SceneDelegate.swift */,
				83A81DC92AAF1A4F00EBA4F7 /* Model */,
				83A81DCB2AAF1A6E00EBA4F7 /* Controller */,
				83A81DC52AAF168F00EBA4F7 /* NextViewController.swift */,
				83A81DBF2AAF13A000EBA4F7 /* HomeCollectionViewCell.swift */,
				83A81DBD2AAF12BA00EBA4F7 /* HomeViewController.swift */,
				83A81DC72AAF17DC00EBA4F7 /* ConfirmViewController.swift */,
				83A81DC32AAF148600EBA4F7 /* PlayViewController.swift */,
				83A81D502AAF0D1300EBA4F7 /* Assets.xcassets */,
				83A81D522AAF0D1300EBA4F7 /* LaunchScreen.storyboard */,
				83A81D552AAF0D1300EBA4F7 /* Info.plist */,
			);
			path = CandyBust;
			sourceTree = "<group>";
		};
		83A81D5D2AAF0D1300EBA4F7 /* CandyBustTests */ = {
			isa = PBXGroup;
			children = (
				83A81D5E2AAF0D1300EBA4F7 /* CandyBustTests.swift */,
			);
			path = CandyBustTests;
			sourceTree = "<group>";
		};
		83A81D672AAF0D1300EBA4F7 /* CandyBustUITests */ = {
			isa = PBXGroup;
			children = (
				83A81D682AAF0D1300EBA4F7 /* CandyBustUITests.swift */,
				83A81D6A2AAF0D1300EBA4F7 /* CandyBustUITestsLaunchTests.swift */,
			);
			path = CandyBustUITests;
			sourceTree = "<group>";
		};
		83A81DC92AAF1A4F00EBA4F7 /* Model */ = {
			isa = PBXGroup;
			children = (
				83A81DCA2AAF1A6300EBA4F7 /* View */,
				83A81D4D2AAF0D1000EBA4F7 /* Main.storyboard */,
			);
			path = Model;
			sourceTree = "<group>";
		};
		83A81DCA2AAF1A6300EBA4F7 /* View */ = {
			isa = PBXGroup;
			children = (
			);
			path = View;
			sourceTree = "<group>";
		};
		83A81DCB2AAF1A6E00EBA4F7 /* Controller */ = {
			isa = PBXGroup;
			children = (
				83A81DCC2AAF1AA000EBA4F7 /* Home VIew Controller */,
			);
			path = Controller;
			sourceTree = "<group>";
		};
		83A81DCC2AAF1AA000EBA4F7 /* Home VIew Controller */ = {
			isa = PBXGroup;
			children = (
				83A81D772AAF0DD700EBA4F7 /* FirstViewController.swift */,
				83A81D7B2AAF0EDC00EBA4F7 /* TableViewCell.swift */,
				83A81DCD2AAF1AD800EBA4F7 /* App Details View Controller */,
			);
			path = "Home VIew Controller";
			sourceTree = "<group>";
		};
		83A81DCD2AAF1AD800EBA4F7 /* App Details View Controller */ = {
			isa = PBXGroup;
			children = (
			);
			path = "App Details View Controller";
			sourceTree = "<group>";
		};
/* End PBXGroup section */

/* Begin PBXNativeTarget section */
		83A81D432AAF0D1000EBA4F7 /* CandyBust */ = {
			isa = PBXNativeTarget;
			buildConfigurationList = 83A81D6E2AAF0D1300EBA4F7 /* Build configuration list for PBXNativeTarget "CandyBust" */;
			buildPhases = (
				83A81D402AAF0D1000EBA4F7 /* Sources */,
				83A81D412AAF0D1000EBA4F7 /* Frameworks */,
				83A81D422AAF0D1000EBA4F7 /* Resources */,
			);
			buildRules = (
			);
			dependencies = (
			);
			name = CandyBust;
			productName = CandyBust;
			productReference = 83A81D442AAF0D1000EBA4F7 /* CandyBust.app */;
			productType = "com.apple.product-type.application";
		};
		83A81D592AAF0D1300EBA4F7 /* CandyBustTests */ = {
			isa = PBXNativeTarget;
			buildConfigurationList = 83A81D712AAF0D1300EBA4F7 /* Build configuration list for PBXNativeTarget "CandyBustTests" */;
			buildPhases = (
				83A81D562AAF0D1300EBA4F7 /* Sources */,
				83A81D572AAF0D1300EBA4F7 /* Frameworks */,
				83A81D582AAF0D1300EBA4F7 /* Resources */,
			);
			buildRules = (
			);
			dependencies = (
				83A81D5C2AAF0D1300EBA4F7 /* PBXTargetDependency */,
			);
			name = CandyBustTests;
			productName = CandyBustTests;
			productReference = 83A81D5A2AAF0D1300EBA4F7 /* CandyBustTests.xctest */;
			productType = "com.apple.product-type.bundle.unit-test";
		};
		83A81D632AAF0D1300EBA4F7 /* CandyBustUITests */ = {
			isa = PBXNativeTarget;
			buildConfigurationList = 83A81D742AAF0D1300EBA4F7 /* Build configuration list for PBXNativeTarget "CandyBustUITests" */;
			buildPhases = (
				83A81D602AAF0D1300EBA4F7 /* Sources */,
				83A81D612AAF0D1300EBA4F7 /* Frameworks */,
				83A81D622AAF0D1300EBA4F7 /* Resources */,
			);
			buildRules = (
			);
			dependencies = (
				83A81D662AAF0D1300EBA4F7 /* PBXTargetDependency */,
			);
			name = CandyBustUITests;
			productName = CandyBustUITests;
			productReference = 83A81D642AAF0D1300EBA4F7 /* CandyBustUITests.xctest */;
			productType = "com.apple.product-type.bundle.ui-testing";
		};
/* End PBXNativeTarget section */

/* Begin PBXProject section */
		83A81D3C2AAF0D1000EBA4F7 /* Project object */ = {
			isa = PBXProject;
			attributes = {
				BuildIndependentTargetsInParallel = 1;
				LastSwiftUpdateCheck = 1420;
				LastUpgradeCheck = 1420;
				TargetAttributes = {
					83A81D432AAF0D1000EBA4F7 = {
						CreatedOnToolsVersion = 14.2;
					};
					83A81D592AAF0D1300EBA4F7 = {
						CreatedOnToolsVersion = 14.2;
						TestTargetID = 83A81D432AAF0D1000EBA4F7;
					};
					83A81D632AAF0D1300EBA4F7 = {
						CreatedOnToolsVersion = 14.2;
						TestTargetID = 83A81D432AAF0D1000EBA4F7;
					};
				};
			};
			buildConfigurationList = 83A81D3F2AAF0D1000EBA4F7 /* Build configuration list for PBXProject "CandyBust" */;
			compatibilityVersion = "Xcode 14.0";
			developmentRegion = en;
			hasScannedForEncodings = 0;
			knownRegions = (
				en,
				Base,
			);
			mainGroup = 83A81D3B2AAF0D1000EBA4F7;
			productRefGroup = 83A81D452AAF0D1000EBA4F7 /* Products */;
			projectDirPath = "";
			projectRoot = "";
			targets = (
				83A81D432AAF0D1000EBA4F7 /* CandyBust */,
				83A81D592AAF0D1300EBA4F7 /* CandyBustTests */,
				83A81D632AAF0D1300EBA4F7 /* CandyBustUITests */,
			);
		};
/* End PBXProject section */

/* Begin PBXResourcesBuildPhase section */
		83A81D422AAF0D1000EBA4F7 /* Resources */ = {
			isa = PBXResourcesBuildPhase;
			buildActionMask = 2147483647;
			files = (
				83A81D542AAF0D1300EBA4F7 /* LaunchScreen.storyboard in Resources */,
				83A81D512AAF0D1300EBA4F7 /* Assets.xcassets in Resources */,
				83A81D4F2AAF0D1000EBA4F7 /* Main.storyboard in Resources */,
			);
			runOnlyForDeploymentPostprocessing = 0;
		};
		83A81D582AAF0D1300EBA4F7 /* Resources */ = {
			isa = PBXResourcesBuildPhase;
			buildActionMask = 2147483647;
			files = (
			);
			runOnlyForDeploymentPostprocessing = 0;
		};
		83A81D622AAF0D1300EBA4F7 /* Resources */ = {
			isa = PBXResourcesBuildPhase;
			buildActionMask = 2147483647;
			files = (
			);
			runOnlyForDeploymentPostprocessing = 0;
		};
/* End PBXResourcesBuildPhase section */

/* Begin PBXSourcesBuildPhase section */
		83A81D402AAF0D1000EBA4F7 /* Sources */ = {
			isa = PBXSourcesBuildPhase;
			buildActionMask = 2147483647;
			files = (
				83A81DC82AAF17DC00EBA4F7 /* ConfirmViewController.swift in Sources */,
				83A81DBE2AAF12BA00EBA4F7 /* HomeViewController.swift in Sources */,
				83A81DC62AAF168F00EBA4F7 /* NextViewController.swift in Sources */,
				83A81D782AAF0DD700EBA4F7 /* FirstViewController.swift in Sources */,
				83A81D7C2AAF0EDC00EBA4F7 /* TableViewCell.swift in Sources */,
				83A81D482AAF0D1000EBA4F7 /* AppDelegate.swift in Sources */,
				83A81D4A2AAF0D1000EBA4F7 /* SceneDelegate.swift in Sources */,
				83A81DC42AAF148600EBA4F7 /* PlayViewController.swift in Sources */,
				83A81DC02AAF13A000EBA4F7 /* HomeCollectionViewCell.swift in Sources */,
			);
			runOnlyForDeploymentPostprocessing = 0;
		};
		83A81D562AAF0D1300EBA4F7 /* Sources */ = {
			isa = PBXSourcesBuildPhase;
			buildActionMask = 2147483647;
			files = (
				83A81D5F2AAF0D1300EBA4F7 /* CandyBustTests.swift in Sources */,
			);
			runOnlyForDeploymentPostprocessing = 0;
		};
		83A81D602AAF0D1300EBA4F7 /* Sources */ = {
			isa = PBXSourcesBuildPhase;
			buildActionMask = 2147483647;
			files = (
				83A81D6B2AAF0D1300EBA4F7 /* CandyBustUITestsLaunchTests.swift in Sources */,
				83A81D692AAF0D1300EBA4F7 /* CandyBustUITests.swift in Sources */,
			);
			runOnlyForDeploymentPostprocessing = 0;
		};
/* End PBXSourcesBuildPhase section */

/* Begin PBXTargetDependency section */
		83A81D5C2AAF0D1300EBA4F7 /* PBXTargetDependency */ = {
			isa = PBXTargetDependency;
			target = 83A81D432AAF0D1000EBA4F7 /* CandyBust */;
			targetProxy = 83A81D5B2AAF0D1300EBA4F7 /* PBXContainerItemProxy */;
		};
		83A81D662AAF0D1300EBA4F7 /* PBXTargetDependency */ = {
			isa = PBXTargetDependency;
			target = 83A81D432AAF0D1000EBA4F7 /* CandyBust */;
			targetProxy = 83A81D652AAF0D1300EBA4F7 /* PBXContainerItemProxy */;
		};
/* End PBXTargetDependency section */

/* Begin PBXVariantGroup section */
		83A81D4D2AAF0D1000EBA4F7 /* Main.storyboard */ = {
			isa = PBXVariantGroup;
			children = (
				83A81D4E2AAF0D1000EBA4F7 /* Base */,
			);
			name = Main.storyboard;
			sourceTree = "<group>";
		};
		83A81D522AAF0D1300EBA4F7 /* LaunchScreen.storyboard */ = {
			isa = PBXVariantGroup;
			children = (
				83A81D532AAF0D1300EBA4F7 /* Base */,
			);
			name = LaunchScreen.storyboard;
			sourceTree = "<group>";
		};
/* End PBXVariantGroup section */

/* Begin XCBuildConfiguration section */
		83A81D6C2AAF0D1300EBA4F7 /* Debug */ = {
			isa = XCBuildConfiguration;
			buildSettings = {
				ALWAYS_SEARCH_USER_PATHS = NO;
				CLANG_ANALYZER_NONNULL = YES;
				CLANG_ANALYZER_NUMBER_OBJECT_CONVERSION = YES_AGGRESSIVE;
				CLANG_CXX_LANGUAGE_STANDARD = "gnu++20";
				CLANG_ENABLE_MODULES = YES;
				CLANG_ENABLE_OBJC_ARC = YES;
				CLANG_ENABLE_OBJC_WEAK = YES;
				CLANG_WARN_BLOCK_CAPTURE_AUTORELEASING = YES;
				CLANG_WARN_BOOL_CONVERSION = YES;
				CLANG_WARN_COMMA = YES;
				CLANG_WARN_CONSTANT_CONVERSION = YES;
				CLANG_WARN_DEPRECATED_OBJC_IMPLEMENTATIONS = YES;
				CLANG_WARN_DIRECT_OBJC_ISA_USAGE = YES_ERROR;
				CLANG_WARN_DOCUMENTATION_COMMENTS = YES;
				CLANG_WARN_EMPTY_BODY = YES;
				CLANG_WARN_ENUM_CONVERSION = YES;
				CLANG_WARN_INFINITE_RECURSION = YES;
				CLANG_WARN_INT_CONVERSION = YES;
				CLANG_WARN_NON_LITERAL_NULL_CONVERSION = YES;
				CLANG_WARN_OBJC_IMPLICIT_RETAIN_SELF = YES;
				CLANG_WARN_OBJC_LITERAL_CONVERSION = YES;
				CLANG_WARN_OBJC_ROOT_CLASS = YES_ERROR;
				CLANG_WARN_QUOTED_INCLUDE_IN_FRAMEWORK_HEADER = YES;
				CLANG_WARN_RANGE_LOOP_ANALYSIS = YES;
				CLANG_WARN_STRICT_PROTOTYPES = YES;
				CLANG_WARN_SUSPICIOUS_MOVE = YES;
				CLANG_WARN_UNGUARDED_AVAILABILITY = YES_AGGRESSIVE;
				CLANG_WARN_UNREACHABLE_CODE = YES;
				CLANG_WARN__DUPLICATE_METHOD_MATCH = YES;
				COPY_PHASE_STRIP = NO;
				DEBUG_INFORMATION_FORMAT = dwarf;
				ENABLE_STRICT_OBJC_MSGSEND = YES;
				ENABLE_TESTABILITY = YES;
				GCC_C_LANGUAGE_STANDARD = gnu11;
				GCC_DYNAMIC_NO_PIC = NO;
				GCC_NO_COMMON_BLOCKS = YES;
				GCC_OPTIMIZATION_LEVEL = 0;
				GCC_PREPROCESSOR_DEFINITIONS = (
					"DEBUG=1",
					"$(inherited)",
				);
				GCC_WARN_64_TO_32_BIT_CONVERSION = YES;
				GCC_WARN_ABOUT_RETURN_TYPE = YES_ERROR;
				GCC_WARN_UNDECLARED_SELECTOR = YES;
				GCC_WARN_UNINITIALIZED_AUTOS = YES_AGGRESSIVE;
				GCC_WARN_UNUSED_FUNCTION = YES;
				GCC_WARN_UNUSED_VARIABLE = YES;
				IPHONEOS_DEPLOYMENT_TARGET = 16.2;
				MTL_ENABLE_DEBUG_INFO = INCLUDE_SOURCE;
				MTL_FAST_MATH = YES;
				ONLY_ACTIVE_ARCH = YES;
				SDKROOT = iphoneos;
				SWIFT_ACTIVE_COMPILATION_CONDITIONS = DEBUG;
				SWIFT_OPTIMIZATION_LEVEL = "-Onone";
			};
			name = Debug;
		};
		83A81D6D2AAF0D1300EBA4F7 /* Release */ = {
			isa = XCBuildConfiguration;
			buildSettings = {
				ALWAYS_SEARCH_USER_PATHS = NO;
				CLANG_ANALYZER_NONNULL = YES;
				CLANG_ANALYZER_NUMBER_OBJECT_CONVERSION = YES_AGGRESSIVE;
				CLANG_CXX_LANGUAGE_STANDARD = "gnu++20";
				CLANG_ENABLE_MODULES = YES;
				CLANG_ENABLE_OBJC_ARC = YES;
				CLANG_ENABLE_OBJC_WEAK = YES;
				CLANG_WARN_BLOCK_CAPTURE_AUTORELEASING = YES;
				CLANG_WARN_BOOL_CONVERSION = YES;
				CLANG_WARN_COMMA = YES;
				CLANG_WARN_CONSTANT_CONVERSION = YES;
				CLANG_WARN_DEPRECATED_OBJC_IMPLEMENTATIONS = YES;
				CLANG_WARN_DIRECT_OBJC_ISA_USAGE = YES_ERROR;
				CLANG_WARN_DOCUMENTATION_COMMENTS = YES;
				CLANG_WARN_EMPTY_BODY = YES;
				CLANG_WARN_ENUM_CONVERSION = YES;
				CLANG_WARN_INFINITE_RECURSION = YES;
				CLANG_WARN_INT_CONVERSION = YES;
				CLANG_WARN_NON_LITERAL_NULL_CONVERSION = YES;
				CLANG_WARN_OBJC_IMPLICIT_RETAIN_SELF = YES;
				CLANG_WARN_OBJC_LITERAL_CONVERSION = YES;
				CLANG_WARN_OBJC_ROOT_CLASS = YES_ERROR;
				CLANG_WARN_QUOTED_INCLUDE_IN_FRAMEWORK_HEADER = YES;
				CLANG_WARN_RANGE_LOOP_ANALYSIS = YES;
				CLANG_WARN_STRICT_PROTOTYPES = YES;
				CLANG_WARN_SUSPICIOUS_MOVE = YES;
				CLANG_WARN_UNGUARDED_AVAILABILITY = YES_AGGRESSIVE;
				CLANG_WARN_UNREACHABLE_CODE = YES;
				CLANG_WARN__DUPLICATE_METHOD_MATCH = YES;
				COPY_PHASE_STRIP = NO;
				DEBUG_INFORMATION_FORMAT = "dwarf-with-dsym";
				ENABLE_NS_ASSERTIONS = NO;
				ENABLE_STRICT_OBJC_MSGSEND = YES;
				GCC_C_LANGUAGE_STANDARD = gnu11;
				GCC_NO_COMMON_BLOCKS = YES;
				GCC_WARN_64_TO_32_BIT_CONVERSION = YES;
				GCC_WARN_ABOUT_RETURN_TYPE = YES_ERROR;
				GCC_WARN_UNDECLARED_SELECTOR = YES;
				GCC_WARN_UNINITIALIZED_AUTOS = YES_AGGRESSIVE;
				GCC_WARN_UNUSED_FUNCTION = YES;
				GCC_WARN_UNUSED_VARIABLE = YES;
				IPHONEOS_DEPLOYMENT_TARGET = 16.2;
				MTL_ENABLE_DEBUG_INFO = NO;
				MTL_FAST_MATH = YES;
				SDKROOT = iphoneos;
				SWIFT_COMPILATION_MODE = wholemodule;
				SWIFT_OPTIMIZATION_LEVEL = "-O";
				VALIDATE_PRODUCT = YES;
			};
			name = Release;
		};
		83A81D6F2AAF0D1300EBA4F7 /* Debug */ = {
			isa = XCBuildConfiguration;
			buildSettings = {
				ASSETCATALOG_COMPILER_APPICON_NAME = AppIcon;
				ASSETCATALOG_COMPILER_GLOBAL_ACCENT_COLOR_NAME = AccentColor;
				CODE_SIGN_STYLE = Automatic;
				CURRENT_PROJECT_VERSION = 1;
				GENERATE_INFOPLIST_FILE = YES;
				INFOPLIST_FILE = CandyBust/Info.plist;
				INFOPLIST_KEY_UIApplicationSupportsIndirectInputEvents = YES;
				INFOPLIST_KEY_UILaunchStoryboardName = LaunchScreen;
				INFOPLIST_KEY_UIMainStoryboardFile = Main;
				INFOPLIST_KEY_UISupportedInterfaceOrientations_iPad = "UIInterfaceOrientationPortrait UIInterfaceOrientationPortraitUpsideDown UIInterfaceOrientationLandscapeLeft UIInterfaceOrientationLandscapeRight";
				INFOPLIST_KEY_UISupportedInterfaceOrientations_iPhone = "UIInterfaceOrientationPortrait UIInterfaceOrientationLandscapeLeft UIInterfaceOrientationLandscapeRight";
				LD_RUNPATH_SEARCH_PATHS = (
					"$(inherited)",
					"@executable_path/Frameworks",
				);
				MARKETING_VERSION = 1.0;
				PRODUCT_BUNDLE_IDENTIFIER = Koshal.CandyBust;
				PRODUCT_NAME = "$(TARGET_NAME)";
				SWIFT_EMIT_LOC_STRINGS = YES;
				SWIFT_VERSION = 5.0;
				TARGETED_DEVICE_FAMILY = "1,2";
			};
			name = Debug;
		};
		83A81D702AAF0D1300EBA4F7 /* Release */ = {
			isa = XCBuildConfiguration;
			buildSettings = {
				ASSETCATALOG_COMPILER_APPICON_NAME = AppIcon;
				ASSETCATALOG_COMPILER_GLOBAL_ACCENT_COLOR_NAME = AccentColor;
				CODE_SIGN_STYLE = Automatic;
				CURRENT_PROJECT_VERSION = 1;
				GENERATE_INFOPLIST_FILE = YES;
				INFOPLIST_FILE = CandyBust/Info.plist;
				INFOPLIST_KEY_UIApplicationSupportsIndirectInputEvents = YES;
				INFOPLIST_KEY_UILaunchStoryboardName = LaunchScreen;
				INFOPLIST_KEY_UIMainStoryboardFile = Main;
				INFOPLIST_KEY_UISupportedInterfaceOrientations_iPad = "UIInterfaceOrientationPortrait UIInterfaceOrientationPortraitUpsideDown UIInterfaceOrientationLandscapeLeft UIInterfaceOrientationLandscapeRight";
				INFOPLIST_KEY_UISupportedInterfaceOrientations_iPhone = "UIInterfaceOrientationPortrait UIInterfaceOrientationLandscapeLeft UIInterfaceOrientationLandscapeRight";
				LD_RUNPATH_SEARCH_PATHS = (
					"$(inherited)",
					"@executable_path/Frameworks",
				);
				MARKETING_VERSION = 1.0;
				PRODUCT_BUNDLE_IDENTIFIER = Koshal.CandyBust;
				PRODUCT_NAME = "$(TARGET_NAME)";
				SWIFT_EMIT_LOC_STRINGS = YES;
				SWIFT_VERSION = 5.0;
				TARGETED_DEVICE_FAMILY = "1,2";
			};
			name = Release;
		};
		83A81D722AAF0D1300EBA4F7 /* Debug */ = {
			isa = XCBuildConfiguration;
			buildSettings = {
				ALWAYS_EMBED_SWIFT_STANDARD_LIBRARIES = YES;
				BUNDLE_LOADER = "$(TEST_HOST)";
				CODE_SIGN_STYLE = Automatic;
				CURRENT_PROJECT_VERSION = 1;
				GENERATE_INFOPLIST_FILE = YES;
				IPHONEOS_DEPLOYMENT_TARGET = 16.2;
				MARKETING_VERSION = 1.0;
				PRODUCT_BUNDLE_IDENTIFIER = Koshal.CandyBustTests;
				PRODUCT_NAME = "$(TARGET_NAME)";
				SWIFT_EMIT_LOC_STRINGS = NO;
				SWIFT_VERSION = 5.0;
				TARGETED_DEVICE_FAMILY = "1,2";
				TEST_HOST = "$(BUILT_PRODUCTS_DIR)/CandyBust.app/$(BUNDLE_EXECUTABLE_FOLDER_PATH)/CandyBust";
			};
			name = Debug;
		};
		83A81D732AAF0D1300EBA4F7 /* Release */ = {
			isa = XCBuildConfiguration;
			buildSettings = {
				ALWAYS_EMBED_SWIFT_STANDARD_LIBRARIES = YES;
				BUNDLE_LOADER = "$(TEST_HOST)";
				CODE_SIGN_STYLE = Automatic;
				CURRENT_PROJECT_VERSION = 1;
				GENERATE_INFOPLIST_FILE = YES;
				IPHONEOS_DEPLOYMENT_TARGET = 16.2;
				MARKETING_VERSION = 1.0;
				PRODUCT_BUNDLE_IDENTIFIER = Koshal.CandyBustTests;
				PRODUCT_NAME = "$(TARGET_NAME)";
				SWIFT_EMIT_LOC_STRINGS = NO;
				SWIFT_VERSION = 5.0;
				TARGETED_DEVICE_FAMILY = "1,2";
				TEST_HOST = "$(BUILT_PRODUCTS_DIR)/CandyBust.app/$(BUNDLE_EXECUTABLE_FOLDER_PATH)/CandyBust";
			};
			name = Release;
		};
		83A81D752AAF0D1300EBA4F7 /* Debug */ = {
			isa = XCBuildConfiguration;
			buildSettings = {
				ALWAYS_EMBED_SWIFT_STANDARD_LIBRARIES = YES;
				CODE_SIGN_STYLE = Automatic;
				CURRENT_PROJECT_VERSION = 1;
				GENERATE_INFOPLIST_FILE = YES;
				MARKETING_VERSION = 1.0;
				PRODUCT_BUNDLE_IDENTIFIER = Koshal.CandyBustUITests;
				PRODUCT_NAME = "$(TARGET_NAME)";
				SWIFT_EMIT_LOC_STRINGS = NO;
				SWIFT_VERSION = 5.0;
				TARGETED_DEVICE_FAMILY = "1,2";
				TEST_TARGET_NAME = CandyBust;
			};
			name = Debug;
		};
		83A81D762AAF0D1300EBA4F7 /* Release */ = {
			isa = XCBuildConfiguration;
			buildSettings = {
				ALWAYS_EMBED_SWIFT_STANDARD_LIBRARIES = YES;
				CODE_SIGN_STYLE = Automatic;
				CURRENT_PROJECT_VERSION = 1;
				GENERATE_INFOPLIST_FILE = YES;
				MARKETING_VERSION = 1.0;
				PRODUCT_BUNDLE_IDENTIFIER = Koshal.CandyBustUITests;
				PRODUCT_NAME = "$(TARGET_NAME)";
				SWIFT_EMIT_LOC_STRINGS = NO;
				SWIFT_VERSION = 5.0;
				TARGETED_DEVICE_FAMILY = "1,2";
				TEST_TARGET_NAME = CandyBust;
			};
			name = Release;
		};
/* End XCBuildConfiguration section */

/* Begin XCConfigurationList section */
		83A81D3F2AAF0D1000EBA4F7 /* Build configuration list for PBXProject "CandyBust" */ = {
			isa = XCConfigurationList;
			buildConfigurations = (
				83A81D6C2AAF0D1300EBA4F7 /* Debug */,
				83A81D6D2AAF0D1300EBA4F7 /* Release */,
			);
			defaultConfigurationIsVisible = 0;
			defaultConfigurationName = Release;
		};
		83A81D6E2AAF0D1300EBA4F7 /* Build configuration list for PBXNativeTarget "CandyBust" */ = {
			isa = XCConfigurationList;
			buildConfigurations = (
				83A81D6F2AAF0D1300EBA4F7 /* Debug */,
				83A81D702AAF0D1300EBA4F7 /* Release */,
			);
			defaultConfigurationIsVisible = 0;
			defaultConfigurationName = Release;
		};
		83A81D712AAF0D1300EBA4F7 /* Build configuration list for PBXNativeTarget "CandyBustTests" */ = {
			isa = XCConfigurationList;
			buildConfigurations = (
				83A81D722AAF0D1300EBA4F7 /* Debug */,
				83A81D732AAF0D1300EBA4F7 /* Release */,
			);
			defaultConfigurationIsVisible = 0;
			defaultConfigurationName = Release;
		};
		83A81D742AAF0D1300EBA4F7 /* Build configuration list for PBXNativeTarget "CandyBustUITests" */ = {
			isa = XCConfigurationList;
			buildConfigurations = (
				83A81D752AAF0D1300EBA4F7 /* Debug */,
				83A81D762AAF0D1300EBA4F7 /* Release */,
			);
			defaultConfigurationIsVisible = 0;
			defaultConfigurationName = Release;
		};
/* End XCConfigurationList section */
	};
	rootObject = 83A81D3C2AAF0D1000EBA4F7 /* Project object */;
}
